
Microsoft Visual Studio Solution File, Format Version 12.00
# Visual Studio Version 17
VisualStudioVersion = 17.11.35312.102
MinimumVisualStudioVersion = 10.0.40219.1
Project("{8BC9CEB8-8B4A-11D0-8D11-00A0C91BC942}") = "ComprehensionAPIWindows", "ComprehensionAPIWindows.vcxproj", "{41786D78-73AB-4F36-91F4-186D785C2A94}"
EndProject
Global
	GlobalSection(SolutionConfigurationPlatforms) = preSolution
		Debug|x64 = Debug|x64
		Debug|x86 = Debug|x86
		Release|x64 = Release|x64
		Release|x86 = Release|x86
	EndGlobalSection
	GlobalSection(ProjectConfigurationPlatforms) = postSolution
		{41786D78-73AB-4F36-91F4-186D785C2A94}.Debug|x64.ActiveCfg = Debug|x64
		{41786D78-73AB-4F36-91F4-186D785C2A94}.Debug|x64.Build.0 = Debug|x64
		{41786D78-73AB-4F36-91F4-186D785C2A94}.Debug|x86.ActiveCfg = Debug|Win32
		{41786D78-73AB-4F36-91F4-186D785C2A94}.Debug|x86.Build.0 = Debug|Win32
		{41786D78-73AB-4F36-91F4-186D785C2A94}.Release|x64.ActiveCfg = Release|x64
		{41786D78-73AB-4F36-91F4-186D785C2A94}.Release|x64.Build.0 = Release|x64
		{41786D78-73AB-4F36-91F4-186D785C2A94}.Release|x86.ActiveCfg = Release|Win32
		{41786D78-73AB-4F36-91F4-186D785C2A94}.Release|x86.Build.0 = Release|Win32
	EndGlobalSection
	GlobalSection(SolutionProperties) = preSolution
		HideSolutionNode = FALSE
	EndGlobalSection
	GlobalSection(ExtensibilityGlobals) = postSolution
		SolutionGuid = {240FB4AB-7161-4486-A601-E84EBF06760D}
	EndGlobalSection
EndGlobal
